
Microsoft Visual Studio Solution File, Format Version 12.00
# Visual Studio Version 16
VisualStudioVersion = 16.0.29509.3
MinimumVisualStudioVersion = 10.0.40219.1
Project("{FAE04EC0-301F-11D3-BF4B-00C04F79EFBC}") = "myBots.Android", "myBots.Android\myBots.Android.csproj", "{CD973AED-B575-4971-8520-8F68F2D8ACAD}"
EndProject
Project("{FAE04EC0-301F-11D3-BF4B-00C04F79EFBC}") = "myBots.iOS", "myBots.iOS\myBots.iOS.csproj", "{9728EEF3-B1AE-40D4-9D4A-81351B2CA91D}"
EndProject
Project("{FAE04EC0-301F-11D3-BF4B-00C04F79EFBC}") = "myBots", "myBots\myBots.csproj", "{5E168C9E-25AF-475F-A070-063940878C9F}"
EndProject
Global
	GlobalSection(SolutionConfigurationPlatforms) = preSolution
		Debug|Any CPU = Debug|Any CPU
		Debug|iPhone = Debug|iPhone
		Debug|iPhoneSimulator = Debug|iPhoneSimulator
		Release|Any CPU = Release|Any CPU
		Release|iPhone = Release|iPhone
		Release|iPhoneSimulator = Release|iPhoneSimulator
	EndGlobalSection
	GlobalSection(ProjectConfigurationPlatforms) = postSolution
		{CD973AED-B575-4971-8520-8F68F2D8ACAD}.Debug|Any CPU.ActiveCfg = Debug|Any CPU
		{CD973AED-B575-4971-8520-8F68F2D8ACAD}.Debug|Any CPU.Build.0 = Debug|Any CPU
		{CD973AED-B575-4971-8520-8F68F2D8ACAD}.Debug|Any CPU.Deploy.0 = Debug|Any CPU
		{CD973AED-B575-4971-8520-8F68F2D8ACAD}.Debug|iPhone.ActiveCfg = Debug|Any CPU
		{CD973AED-B575-4971-8520-8F68F2D8ACAD}.Debug|iPhone.Build.0 = Debug|Any CPU
		{CD973AED-B575-4971-8520-8F68F2D8ACAD}.Debug|iPhone.Deploy.0 = Debug|Any CPU
		{CD973AED-B575-4971-8520-8F68F2D8ACAD}.Debug|iPhoneSimulator.ActiveCfg = Debug|Any CPU
		{CD973AED-B575-4971-8520-8F68F2D8ACAD}.Debug|iPhoneSimulator.Build.0 = Debug|Any CPU
		{CD973AED-B575-4971-8520-8F68F2D8ACAD}.Debug|iPhoneSimulator.Deploy.0 = Debug|Any CPU
		{CD973AED-B575-4971-8520-8F68F2D8ACAD}.Release|Any CPU.ActiveCfg = Release|Any CPU
		{CD973AED-B575-4971-8520-8F68F2D8ACAD}.Release|Any CPU.Build.0 = Release|Any CPU
		{CD973AED-B575-4971-8520-8F68F2D8ACAD}.Release|Any CPU.Deploy.0 = Release|Any CPU
		{CD973AED-B575-4971-8520-8F68F2D8ACAD}.Release|iPhone.ActiveCfg = Release|Any CPU
		{CD973AED-B575-4971-8520-8F68F2D8ACAD}.Release|iPhone.Build.0 = Release|Any CPU
		{CD973AED-B575-4971-8520-8F68F2D8ACAD}.Release|iPhone.Deploy.0 = Release|Any CPU
		{CD973AED-B575-4971-8520-8F68F2D8ACAD}.Release|iPhoneSimulator.ActiveCfg = Release|Any CPU
		{CD973AED-B575-4971-8520-8F68F2D8ACAD}.Release|iPhoneSimulator.Build.0 = Release|Any CPU
		{CD973AED-B575-4971-8520-8F68F2D8ACAD}.Release|iPhoneSimulator.Deploy.0 = Release|Any CPU
		{9728EEF3-B1AE-40D4-9D4A-81351B2CA91D}.Debug|Any CPU.ActiveCfg = Debug|iPhoneSimulator
		{9728EEF3-B1AE-40D4-9D4A-81351B2CA91D}.Debug|Any CPU.Build.0 = Debug|iPhoneSimulator
		{9728EEF3-B1AE-40D4-9D4A-81351B2CA91D}.Debug|Any CPU.Deploy.0 = Debug|iPhoneSimulator
		{9728EEF3-B1AE-40D4-9D4A-81351B2CA91D}.Debug|iPhone.ActiveCfg = Debug|iPhone
		{9728EEF3-B1AE-40D4-9D4A-81351B2CA91D}.Debug|iPhone.Build.0 = Debug|iPhone
		{9728EEF3-B1AE-40D4-9D4A-81351B2CA91D}.Debug|iPhone.Deploy.0 = Debug|iPhone
		{9728EEF3-B1AE-40D4-9D4A-81351B2CA91D}.Debug|iPhoneSimulator.ActiveCfg = Debug|iPhoneSimulator
		{9728EEF3-B1AE-40D4-9D4A-81351B2CA91D}.Debug|iPhoneSimulator.Build.0 = Debug|iPhoneSimulator
		{9728EEF3-B1AE-40D4-9D4A-81351B2CA91D}.Debug|iPhoneSimulator.Deploy.0 = Debug|iPhoneSimulator
		{9728EEF3-B1AE-40D4-9D4A-81351B2CA91D}.Release|Any CPU.ActiveCfg = Release|iPhone
		{9728EEF3-B1AE-40D4-9D4A-81351B2CA91D}.Release|Any CPU.Build.0 = Release|iPhone
		{9728EEF3-B1AE-40D4-9D4A-81351B2CA91D}.Release|Any CPU.Deploy.0 = Release|iPhone
		{9728EEF3-B1AE-40D4-9D4A-81351B2CA91D}.Release|iPhone.ActiveCfg = Release|iPhone
		{9728EEF3-B1AE-40D4-9D4A-81351B2CA91D}.Release|iPhone.Build.0 = Release|iPhone
		{9728EEF3-B1AE-40D4-9D4A-81351B2CA91D}.Release|iPhone.Deploy.0 = Release|iPhone
		{9728EEF3-B1AE-40D4-9D4A-81351B2CA91D}.Release|iPhoneSimulator.ActiveCfg = Release|iPhoneSimulator
		{9728EEF3-B1AE-40D4-9D4A-81351B2CA91D}.Release|iPhoneSimulator.Build.0 = Release|iPhoneSimulator
		{9728EEF3-B1AE-40D4-9D4A-81351B2CA91D}.Release|iPhoneSimulator.Deploy.0 = Release|iPhoneSimulator
		{5E168C9E-25AF-475F-A070-063940878C9F}.Debug|Any CPU.ActiveCfg = Debug|Any CPU
		{5E168C9E-25AF-475F-A070-063940878C9F}.Debug|Any CPU.Build.0 = Debug|Any CPU
		{5E168C9E-25AF-475F-A070-063940878C9F}.Debug|Any CPU.Deploy.0 = Debug|Any CPU
		{5E168C9E-25AF-475F-A070-063940878C9F}.Debug|iPhone.ActiveCfg = Debug|Any CPU
		{5E168C9E-25AF-475F-A070-063940878C9F}.Debug|iPhone.Build.0 = Debug|Any CPU
		{5E168C9E-25AF-475F-A070-063940878C9F}.Debug|iPhone.Deploy.0 = Debug|Any CPU
		{5E168C9E-25AF-475F-A070-063940878C9F}.Debug|iPhoneSimulator.ActiveCfg = Debug|Any CPU
		{5E168C9E-25AF-475F-A070-063940878C9F}.Debug|iPhoneSimulator.Build.0 = Debug|Any CPU
		{5E168C9E-25AF-475F-A070-063940878C9F}.Debug|iPhoneSimulator.Deploy.0 = Debug|Any CPU
		{5E168C9E-25AF-475F-A070-063940878C9F}.Release|Any CPU.ActiveCfg = Release|Any CPU
		{5E168C9E-25AF-475F-A070-063940878C9F}.Release|Any CPU.Build.0 = Release|Any CPU
		{5E168C9E-25AF-475F-A070-063940878C9F}.Release|Any CPU.Deploy.0 = Release|Any CPU
		{5E168C9E-25AF-475F-A070-063940878C9F}.Release|iPhone.ActiveCfg = Release|Any CPU
		{5E168C9E-25AF-475F-A070-063940878C9F}.Release|iPhone.Build.0 = Release|Any CPU
		{5E168C9E-25AF-475F-A070-063940878C9F}.Release|iPhone.Deploy.0 = Release|Any CPU
		{5E168C9E-25AF-475F-A070-063940878C9F}.Release|iPhoneSimulator.ActiveCfg = Release|Any CPU
		{5E168C9E-25AF-475F-A070-063940878C9F}.Release|iPhoneSimulator.Build.0 = Release|Any CPU
		{5E168C9E-25AF-475F-A070-063940878C9F}.Release|iPhoneSimulator.Deploy.0 = Release|Any CPU
	EndGlobalSection
	GlobalSection(SolutionProperties) = preSolution
		HideSolutionNode = FALSE
	EndGlobalSection
	GlobalSection(ExtensibilityGlobals) = postSolution
		SolutionGuid = {E7EB60D3-E2BD-4743-9C4D-E2E3CD1A7C23}
	EndGlobalSection
EndGlobal
